
Microsoft Visual Studio Solution File, Format Version 12.00
# Visual Studio Version 16
VisualStudioVersion = 16.0.29806.167
MinimumVisualStudioVersion = 10.0.40219.1
Project("{9A19103F-16F7-4668-BE54-9A1E7A4F7556}") = "AzureDevOpsJanitor.Domain", "src\AzureDevOpsJanitor.Domain\AzureDevOpsJanitor.Domain.csproj", "{85C74398-B2C0-4625-931D-F2797AAA4227}"
EndProject
Project("{9A19103F-16F7-4668-BE54-9A1E7A4F7556}") = "AzureDevOpsJanitor.Infrastructure", "src\AzureDevOpsJanitor.Infrastructure\AzureDevOpsJanitor.Infrastructure.csproj", "{3370743C-D63E-435F-82FE-CE7987C6195E}"
EndProject
Project("{9A19103F-16F7-4668-BE54-9A1E7A4F7556}") = "AzureDevOpsJanitor.Application", "src\AzureDevOpsJanitor.Application\AzureDevOpsJanitor.Application.csproj", "{36F5180C-696A-408D-9D49-4685B9F9B7FC}"
EndProject
Project("{9A19103F-16F7-4668-BE54-9A1E7A4F7556}") = "AzureDevOpsJanitor.Host.Api", "src\AzureDevOpsJanitor.Host.Api\AzureDevOpsJanitor.Host.Api.csproj", "{F1A1619E-D962-48CA-B4F9-AB0E6F51E6C1}"
EndProject
Project("{9A19103F-16F7-4668-BE54-9A1E7A4F7556}") = "AzureDevOpsJanitor.Host.KafkaWorker", "src\AzureDevOpsJanitor.Host.KafkaWorker\AzureDevOpsJanitor.Host.KafkaWorker.csproj", "{40C1B7E5-C483-4C4E-9AE0-A158524892DA}"
EndProject
Project("{2150E333-8FDC-42A3-9474-1A3956D46DE8}") = "NuGet", "NuGet", "{E529C2A0-7A49-4F78-B61E-A6DE1FAFC35B}"
	ProjectSection(SolutionItems) = preProject
		nuget.config = nuget.config
	EndProjectSection
EndProject
Project("{2150E333-8FDC-42A3-9474-1A3956D46DE8}") = ".test", ".test", "{733FC4BD-E8FE-47FA-9A7D-162DB6AF8FAF}"
EndProject
Project("{9A19103F-16F7-4668-BE54-9A1E7A4F7556}") = "AzureDevOpsJanitor.Domain.UnitTest", "test\AzureDevOpsJanitor.Domain.UnitTest\AzureDevOpsJanitor.Domain.UnitTest.csproj", "{A355B3E3-4B24-4187-898D-F6BB16B1381E}"
EndProject
Project("{9A19103F-16F7-4668-BE54-9A1E7A4F7556}") = "AzureDevOpsJanitor.Infrastructure.UnitTest", "test\AzureDevOpsJanitor.Infrastructure.UnitTest\AzureDevOpsJanitor.Infrastructure.UnitTest.csproj", "{329DF13E-6066-41FE-812B-1C6A5F1CD153}"
EndProject
Project("{9A19103F-16F7-4668-BE54-9A1E7A4F7556}") = "AzureDevOpsJanitor.Application.UnitTest", "test\AzureDevOpsJanitor.Application.UnitTest\AzureDevOpsJanitor.Application.UnitTest.csproj", "{C7321375-2144-412F-B9C7-CD44766BAACF}"
EndProject
Project("{9A19103F-16F7-4668-BE54-9A1E7A4F7556}") = "AzureDevOpsJanitor.Infrastructure.IntegrationTest", "test\AzureDevOpsJanitor.Infrastructure.IntegrationTest\AzureDevOpsJanitor.Infrastructure.IntegrationTest.csproj", "{25C50FAF-E6B0-4426-8D31-44A4FC4C841F}"
EndProject
Global
	GlobalSection(SolutionConfigurationPlatforms) = preSolution
		Debug|Any CPU = Debug|Any CPU
		Release|Any CPU = Release|Any CPU
	EndGlobalSection
	GlobalSection(ProjectConfigurationPlatforms) = postSolution
		{85C74398-B2C0-4625-931D-F2797AAA4227}.Debug|Any CPU.ActiveCfg = Debug|Any CPU
		{85C74398-B2C0-4625-931D-F2797AAA4227}.Debug|Any CPU.Build.0 = Debug|Any CPU
		{85C74398-B2C0-4625-931D-F2797AAA4227}.Release|Any CPU.ActiveCfg = Release|Any CPU
		{85C74398-B2C0-4625-931D-F2797AAA4227}.Release|Any CPU.Build.0 = Release|Any CPU
		{3370743C-D63E-435F-82FE-CE7987C6195E}.Debug|Any CPU.ActiveCfg = Debug|Any CPU
		{3370743C-D63E-435F-82FE-CE7987C6195E}.Debug|Any CPU.Build.0 = Debug|Any CPU
		{3370743C-D63E-435F-82FE-CE7987C6195E}.Release|Any CPU.ActiveCfg = Release|Any CPU
		{3370743C-D63E-435F-82FE-CE7987C6195E}.Release|Any CPU.Build.0 = Release|Any CPU
		{36F5180C-696A-408D-9D49-4685B9F9B7FC}.Debug|Any CPU.ActiveCfg = Debug|Any CPU
		{36F5180C-696A-408D-9D49-4685B9F9B7FC}.Debug|Any CPU.Build.0 = Debug|Any CPU
		{36F5180C-696A-408D-9D49-4685B9F9B7FC}.Release|Any CPU.ActiveCfg = Release|Any CPU
		{36F5180C-696A-408D-9D49-4685B9F9B7FC}.Release|Any CPU.Build.0 = Release|Any CPU
		{F1A1619E-D962-48CA-B4F9-AB0E6F51E6C1}.Debug|Any CPU.ActiveCfg = Debug|Any CPU
		{F1A1619E-D962-48CA-B4F9-AB0E6F51E6C1}.Debug|Any CPU.Build.0 = Debug|Any CPU
		{F1A1619E-D962-48CA-B4F9-AB0E6F51E6C1}.Release|Any CPU.ActiveCfg = Release|Any CPU
		{F1A1619E-D962-48CA-B4F9-AB0E6F51E6C1}.Release|Any CPU.Build.0 = Release|Any CPU
		{40C1B7E5-C483-4C4E-9AE0-A158524892DA}.Debug|Any CPU.ActiveCfg = Debug|Any CPU
		{40C1B7E5-C483-4C4E-9AE0-A158524892DA}.Debug|Any CPU.Build.0 = Debug|Any CPU
		{40C1B7E5-C483-4C4E-9AE0-A158524892DA}.Release|Any CPU.ActiveCfg = Release|Any CPU
		{40C1B7E5-C483-4C4E-9AE0-A158524892DA}.Release|Any CPU.Build.0 = Release|Any CPU
		{A355B3E3-4B24-4187-898D-F6BB16B1381E}.Debug|Any CPU.ActiveCfg = Debug|Any CPU
		{A355B3E3-4B24-4187-898D-F6BB16B1381E}.Debug|Any CPU.Build.0 = Debug|Any CPU
		{A355B3E3-4B24-4187-898D-F6BB16B1381E}.Release|Any CPU.ActiveCfg = Release|Any CPU
		{A355B3E3-4B24-4187-898D-F6BB16B1381E}.Release|Any CPU.Build.0 = Release|Any CPU
		{329DF13E-6066-41FE-812B-1C6A5F1CD153}.Debug|Any CPU.ActiveCfg = Debug|Any CPU
		{329DF13E-6066-41FE-812B-1C6A5F1CD153}.Debug|Any CPU.Build.0 = Debug|Any CPU
		{329DF13E-6066-41FE-812B-1C6A5F1CD153}.Release|Any CPU.ActiveCfg = Release|Any CPU
		{329DF13E-6066-41FE-812B-1C6A5F1CD153}.Release|Any CPU.Build.0 = Release|Any CPU
		{C7321375-2144-412F-B9C7-CD44766BAACF}.Debug|Any CPU.ActiveCfg = Debug|Any CPU
		{C7321375-2144-412F-B9C7-CD44766BAACF}.Debug|Any CPU.Build.0 = Debug|Any CPU
		{C7321375-2144-412F-B9C7-CD44766BAACF}.Release|Any CPU.ActiveCfg = Release|Any CPU
		{C7321375-2144-412F-B9C7-CD44766BAACF}.Release|Any CPU.Build.0 = Release|Any CPU
		{25C50FAF-E6B0-4426-8D31-44A4FC4C841F}.Debug|Any CPU.ActiveCfg = Debug|Any CPU
		{25C50FAF-E6B0-4426-8D31-44A4FC4C841F}.Debug|Any CPU.Build.0 = Debug|Any CPU
		{25C50FAF-E6B0-4426-8D31-44A4FC4C841F}.Release|Any CPU.ActiveCfg = Release|Any CPU
		{25C50FAF-E6B0-4426-8D31-44A4FC4C841F}.Release|Any CPU.Build.0 = Release|Any CPU
	EndGlobalSection
	GlobalSection(SolutionProperties) = preSolution
		HideSolutionNode = FALSE
	EndGlobalSection
	GlobalSection(NestedProjects) = preSolution
		{A355B3E3-4B24-4187-898D-F6BB16B1381E} = {733FC4BD-E8FE-47FA-9A7D-162DB6AF8FAF}
		{329DF13E-6066-41FE-812B-1C6A5F1CD153} = {733FC4BD-E8FE-47FA-9A7D-162DB6AF8FAF}
		{C7321375-2144-412F-B9C7-CD44766BAACF} = {733FC4BD-E8FE-47FA-9A7D-162DB6AF8FAF}
		{25C50FAF-E6B0-4426-8D31-44A4FC4C841F} = {733FC4BD-E8FE-47FA-9A7D-162DB6AF8FAF}
	EndGlobalSection
	GlobalSection(ExtensibilityGlobals) = postSolution
		SolutionGuid = {FBDC4252-0C37-444E-85FD-7DACD5487C7B}
	EndGlobalSection
EndGlobal
